// !$*UTF8*$!
{
	archiveVersion = 1;
	classes = {
	};
	objectVersion = 46;
	objects = {

/* Begin PBXBuildFile section */
		A1ACABDB169153D000AB3A92 /* main.cpp in Sources */ = {isa = PBXBuildFile; fileRef = A1ACABDA169153D000AB3A92 /* main.cpp */; };
		A1ACABDD169153D000AB3A92 /* HaikuRacer.1 in CopyFiles */ = {isa = PBXBuildFile; fileRef = A1ACABDC169153D000AB3A92 /* HaikuRacer.1 */; };
/* End PBXBuildFile section */

/* Begin PBXCopyFilesBuildPhase section */
		A1ACABD4169153D000AB3A92 /* CopyFiles */ = {
			isa = PBXCopyFilesBuildPhase;
			buildActionMask = 2147483647;
			dstPath = /usr/share/man/man1/;
			dstSubfolderSpec = 0;
			files = (
				A1ACABDD169153D000AB3A92 /* HaikuRacer.1 in CopyFiles */,
			);
			runOnlyForDeploymentPostprocessing = 1;
		};
/* End PBXCopyFilesBuildPhase section */

/* Begin PBXFileReference section */
		A1ACABD6169153D000AB3A92 /* HaikuRacer */ = {isa = PBXFileReference; explicitFileType = "compiled.mach-o.executable"; includeInIndex = 0; path = HaikuRacer; sourceTree = BUILT_PRODUCTS_DIR; };
		A1ACABDA169153D000AB3A92 /* main.cpp */ = {isa = PBXFileReference; lastKnownFileType = sourcecode.cpp.cpp; path = main.cpp; sourceTree = "<group>"; };
		A1ACABDC169153D000AB3A92 /* HaikuRacer.1 */ = {isa = PBXFileReference; lastKnownFileType = text.man; path = HaikuRacer.1; sourceTree = "<group>"; };
/* End PBXFileReference section */

/* Begin PBXFrameworksBuildPhase section */
		A1ACABD3169153D000AB3A92 /* Frameworks */ = {
			isa = PBXFrameworksBuildPhase;
			buildActionMask = 2147483647;
			files = (
			);
			runOnlyForDeploymentPostprocessing = 0;
		};
/* End PBXFrameworksBuildPhase section */

/* Begin PBXGroup section */
		A1ACABCB169153D000AB3A92 = {
			isa = PBXGroup;
			children = (
				A1ACABD9169153D000AB3A92 /* HaikuRacer */,
				A1ACABD7169153D000AB3A92 /* Products */,
			);
			sourceTree = "<group>";
		};
		A1ACABD7169153D000AB3A92 /* Products */ = {
			isa = PBXGroup;
			children = (
				A1ACABD6169153D000AB3A92 /* HaikuRacer */,
			);
			name = Products;
			sourceTree = "<group>";
		};
		A1ACABD9169153D000AB3A92 /* HaikuRacer */ = {
			isa = PBXGroup;
			children = (
				A1ACABDA169153D000AB3A92 /* main.cpp */,
				A1ACABDC169153D000AB3A92 /* HaikuRacer.1 */,
			);
			path = HaikuRacer;
			sourceTree = "<group>";
		};
/* End PBXGroup section */

/* Begin PBXNativeTarget section */
		A1ACABD5169153D000AB3A92 /* HaikuRacer */ = {
			isa = PBXNativeTarget;
			buildConfigurationList = A1ACABE0169153D000AB3A92 /* Build configuration list for PBXNativeTarget "HaikuRacer" */;
			buildPhases = (
				A1ACABD2169153D000AB3A92 /* Sources */,
				A1ACABD3169153D000AB3A92 /* Frameworks */,
				A1ACABD4169153D000AB3A92 /* CopyFiles */,
			);
			buildRules = (
			);
			dependencies = (
			);
			name = HaikuRacer;
			productName = HaikuRacer;
			productReference = A1ACABD6169153D000AB3A92 /* HaikuRacer */;
			productType = "com.apple.product-type.tool";
		};
/* End PBXNativeTarget section */

/* Begin PBXProject section */
		A1ACABCD169153D000AB3A92 /* Project object */ = {
			isa = PBXProject;
			attributes = {
				LastUpgradeCheck = 0450;
				ORGANIZATIONNAME = "Team Chilly";
			};
			buildConfigurationList = A1ACABD0169153D000AB3A92 /* Build configuration list for PBXProject "HaikuRacer" */;
			compatibilityVersion = "Xcode 3.2";
			developmentRegion = English;
			hasScannedForEncodings = 0;
			knownRegions = (
				en,
			);
			mainGroup = A1ACABCB169153D000AB3A92;
			productRefGroup = A1ACABD7169153D000AB3A92 /* Products */;
			projectDirPath = "";
			projectRoot = "";
			targets = (
				A1ACABD5169153D000AB3A92 /* HaikuRacer */,
			);
		};
/* End PBXProject section */

/* Begin PBXSourcesBuildPhase section */
		A1ACABD2169153D000AB3A92 /* Sources */ = {
			isa = PBXSourcesBuildPhase;
			buildActionMask = 2147483647;
			files = (
				A1ACABDB169153D000AB3A92 /* main.cpp in Sources */,
			);
			runOnlyForDeploymentPostprocessing = 0;
		};
/* End PBXSourcesBuildPhase section */

/* Begin XCBuildConfiguration section */
		A1ACABDE169153D000AB3A92 /* Debug */ = {
			isa = XCBuildConfiguration;
			buildSettings = {
				ALWAYS_SEARCH_USER_PATHS = NO;
				ARCHS = "$(ARCHS_STANDARD_64_BIT)";
				CLANG_CXX_LANGUAGE_STANDARD = "gnu++0x";
				CLANG_CXX_LIBRARY = "libc++";
				CLANG_WARN_EMPTY_BODY = YES;
				CLANG_WARN__DUPLICATE_METHOD_MATCH = YES;
				COPY_PHASE_STRIP = NO;
				GCC_C_LANGUAGE_STANDARD = gnu99;
				GCC_DYNAMIC_NO_PIC = NO;
				GCC_ENABLE_OBJC_EXCEPTIONS = YES;
				GCC_OPTIMIZATION_LEVEL = 0;
				GCC_PREPROCESSOR_DEFINITIONS = (
					"DEBUG=1",
					"$(inherited)",
				);
				GCC_SYMBOLS_PRIVATE_EXTERN = NO;
				GCC_WARN_64_TO_32_BIT_CONVERSION = YES;
				GCC_WARN_ABOUT_RETURN_TYPE = YES;
				GCC_WARN_UNINITIALIZED_AUTOS = YES;
				GCC_WARN_UNUSED_VARIABLE = YES;
				MACOSX_DEPLOYMENT_TARGET = 10.7;
				ONLY_ACTIVE_ARCH = YES;
				SDKROOT = macosx;
			};
			name = Debug;
		};
		A1ACABDF169153D000AB3A92 /* Release */ = {
			isa = XCBuildConfiguration;
			buildSettings = {
				ALWAYS_SEARCH_USER_PATHS = NO;
				ARCHS = "$(ARCHS_STANDARD_64_BIT)";
				CLANG_CXX_LANGUAGE_STANDARD = "gnu++0x";
				CLANG_CXX_LIBRARY = "libc++";
				CLANG_WARN_EMPTY_BODY = YES;
				CLANG_WARN__DUPLICATE_METHOD_MATCH = YES;
				COPY_PHASE_STRIP = YES;
				DEBUG_INFORMATION_FORMAT = "dwarf-with-dsym";
				GCC_C_LANGUAGE_STANDARD = gnu99;
				GCC_ENABLE_OBJC_EXCEPTIONS = YES;
				GCC_WARN_64_TO_32_BIT_CONVERSION = YES;
				GCC_WARN_ABOUT_RETURN_TYPE = YES;
				GCC_WARN_UNINITIALIZED_AUTOS = YES;
				GCC_WARN_UNUSED_VARIABLE = YES;
				MACOSX_DEPLOYMENT_TARGET = 10.7;
				SDKROOT = macosx;
			};
			name = Release;
		};
		A1ACABE1169153D000AB3A92 /* Debug */ = {
			isa = XCBuildConfiguration;
			buildSettings = {
				PRODUCT_NAME = "$(TARGET_NAME)";
			};
			name = Debug;
		};
		A1ACABE2169153D000AB3A92 /* Release */ = {
			isa = XCBuildConfiguration;
			buildSettings = {
				PRODUCT_NAME = "$(TARGET_NAME)";
			};
			name = Release;
		};
/* End XCBuildConfiguration section */

/* Begin XCConfigurationList section */
		A1ACABD0169153D000AB3A92 /* Build configuration list for PBXProject "HaikuRacer" */ = {
			isa = XCConfigurationList;
			buildConfigurations = (
				A1ACABDE169153D000AB3A92 /* Debug */,
				A1ACABDF169153D000AB3A92 /* Release */,
			);
			defaultConfigurationIsVisible = 0;
			defaultConfigurationName = Release;
		};
		A1ACABE0169153D000AB3A92 /* Build configuration list for PBXNativeTarget "HaikuRacer" */ = {
			isa = XCConfigurationList;
			buildConfigurations = (
				A1ACABE1169153D000AB3A92 /* Debug */,
				A1ACABE2169153D000AB3A92 /* Release */,
			);
			defaultConfigurationIsVisible = 0;
		};
/* End XCConfigurationList section */
	};
	rootObject = A1ACABCD169153D000AB3A92 /* Project object */;
}
